
Microsoft Visual Studio Solution File, Format Version 12.00
# Visual Studio Version 17
VisualStudioVersion = 17.3.32929.385
MinimumVisualStudioVersion = 10.0.40219.1
Project("{FAE04EC0-301F-11D3-BF4B-00C04F79EFBC}") = "upgrade-assistant-extension", "upgrade-assistant-extension\upgrade-assistant-extension.csproj", "{6284DF5D-37C3-4D46-83FD-AC0998184679}"
EndProject
Global
	GlobalSection(SolutionConfigurationPlatforms) = preSolution
		Debug|Any CPU = Debug|Any CPU
		Release|Any CPU = Release|Any CPU
	EndGlobalSection
	GlobalSection(ProjectConfigurationPlatforms) = postSolution
		{6284DF5D-37C3-4D46-83FD-AC0998184679}.Debug|Any CPU.ActiveCfg = Debug|Any CPU
		{6284DF5D-37C3-4D46-83FD-AC0998184679}.Debug|Any CPU.Build.0 = Debug|Any CPU
		{6284DF5D-37C3-4D46-83FD-AC0998184679}.Release|Any CPU.ActiveCfg = Release|Any CPU
		{6284DF5D-37C3-4D46-83FD-AC0998184679}.Release|Any CPU.Build.0 = Release|Any CPU
	EndGlobalSection
	GlobalSection(SolutionProperties) = preSolution
		HideSolutionNode = FALSE
	EndGlobalSection
	GlobalSection(ExtensibilityGlobals) = postSolution
		SolutionGuid = {840F6FFD-B69E-45D1-8FF0-4EAF7DC2747F}
	EndGlobalSection
EndGlobal
